
Microsoft Visual Studio Solution File, Format Version 12.00
# Visual Studio Version 17
VisualStudioVersion = 17.7.34009.444
MinimumVisualStudioVersion = 10.0.40219.1
Project("{FAE04EC0-301F-11D3-BF4B-00C04F79EFBC}") = "ekzXleb", "ekzXleb.csproj", "{8BCA2E67-B2E3-4A38-9A9C-2D169B009A8C}"
EndProject
Global
	GlobalSection(SolutionConfigurationPlatforms) = preSolution
		Debug|Any CPU = Debug|Any CPU
		Release|Any CPU = Release|Any CPU
	EndGlobalSection
	GlobalSection(ProjectConfigurationPlatforms) = postSolution
		{8BCA2E67-B2E3-4A38-9A9C-2D169B009A8C}.Debug|Any CPU.ActiveCfg = Debug|Any CPU
		{8BCA2E67-B2E3-4A38-9A9C-2D169B009A8C}.Debug|Any CPU.Build.0 = Debug|Any CPU
		{8BCA2E67-B2E3-4A38-9A9C-2D169B009A8C}.Release|Any CPU.ActiveCfg = Release|Any CPU
		{8BCA2E67-B2E3-4A38-9A9C-2D169B009A8C}.Release|Any CPU.Build.0 = Release|Any CPU
	EndGlobalSection
	GlobalSection(SolutionProperties) = preSolution
		HideSolutionNode = FALSE
	EndGlobalSection
	GlobalSection(ExtensibilityGlobals) = postSolution
		SolutionGuid = {ADA155DA-BA80-415C-8067-7613BCCB87EE}
	EndGlobalSection
EndGlobal
